
Microsoft Visual Studio Solution File, Format Version 12.00
# Visual Studio 2013
VisualStudioVersion = 12.0.31101.0
MinimumVisualStudioVersion = 10.0.40219.1
Project("{FAE04EC0-301F-11D3-BF4B-00C04F79EFBC}") = "MusicTime.Core", "MusicTime.Core\MusicTime.Core.csproj", "{977B5325-6A32-45BD-A81F-12BF52FD5141}"
EndProject
Project("{FAE04EC0-301F-11D3-BF4B-00C04F79EFBC}") = "MusicTime.Core.Tests", "MusicTime.Core.Tests\MusicTime.Core.Tests.csproj", "{CAB8EF28-1B5E-416A-A5EE-8A7BBA7A3F42}"
EndProject
Project("{FAE04EC0-301F-11D3-BF4B-00C04F79EFBC}") = "MusicTime.Storage", "MusicTime.Storage\MusicTime.Storage.csproj", "{E9BA224B-0C4E-4188-AFFC-42D2BFCD8B31}"
EndProject
Project("{FAE04EC0-301F-11D3-BF4B-00C04F79EFBC}") = "MusicTime.Authentication.Identity", "MusicTime.Authentication.Identity\MusicTime.Authentication.Identity.csproj", "{8ACD1329-CE4E-46C0-898F-85A0C234568A}"
EndProject
Global
	GlobalSection(SolutionConfigurationPlatforms) = preSolution
		Debug|Any CPU = Debug|Any CPU
		Release|Any CPU = Release|Any CPU
	EndGlobalSection
	GlobalSection(ProjectConfigurationPlatforms) = postSolution
		{977B5325-6A32-45BD-A81F-12BF52FD5141}.Debug|Any CPU.ActiveCfg = Debug|Any CPU
		{977B5325-6A32-45BD-A81F-12BF52FD5141}.Debug|Any CPU.Build.0 = Debug|Any CPU
		{977B5325-6A32-45BD-A81F-12BF52FD5141}.Release|Any CPU.ActiveCfg = Release|Any CPU
		{977B5325-6A32-45BD-A81F-12BF52FD5141}.Release|Any CPU.Build.0 = Release|Any CPU
		{CAB8EF28-1B5E-416A-A5EE-8A7BBA7A3F42}.Debug|Any CPU.ActiveCfg = Debug|Any CPU
		{CAB8EF28-1B5E-416A-A5EE-8A7BBA7A3F42}.Debug|Any CPU.Build.0 = Debug|Any CPU
		{CAB8EF28-1B5E-416A-A5EE-8A7BBA7A3F42}.Release|Any CPU.ActiveCfg = Release|Any CPU
		{CAB8EF28-1B5E-416A-A5EE-8A7BBA7A3F42}.Release|Any CPU.Build.0 = Release|Any CPU
		{E9BA224B-0C4E-4188-AFFC-42D2BFCD8B31}.Debug|Any CPU.ActiveCfg = Debug|Any CPU
		{E9BA224B-0C4E-4188-AFFC-42D2BFCD8B31}.Debug|Any CPU.Build.0 = Debug|Any CPU
		{E9BA224B-0C4E-4188-AFFC-42D2BFCD8B31}.Release|Any CPU.ActiveCfg = Release|Any CPU
		{E9BA224B-0C4E-4188-AFFC-42D2BFCD8B31}.Release|Any CPU.Build.0 = Release|Any CPU
		{8ACD1329-CE4E-46C0-898F-85A0C234568A}.Debug|Any CPU.ActiveCfg = Debug|Any CPU
		{8ACD1329-CE4E-46C0-898F-85A0C234568A}.Debug|Any CPU.Build.0 = Debug|Any CPU
		{8ACD1329-CE4E-46C0-898F-85A0C234568A}.Release|Any CPU.ActiveCfg = Release|Any CPU
		{8ACD1329-CE4E-46C0-898F-85A0C234568A}.Release|Any CPU.Build.0 = Release|Any CPU
	EndGlobalSection
	GlobalSection(SolutionProperties) = preSolution
		HideSolutionNode = FALSE
	EndGlobalSection
EndGlobal
